// !$*UTF8*$!
{
	archiveVersion = 1;
	classes = {
	};
	objectVersion = 55;
	objects = {

/* Begin PBXBuildFile section */
		F1ACDAD2288E0E5000A73261 /* BottomMenuApp.swift in Sources */ = {isa = PBXBuildFile; fileRef = F1ACDAD1288E0E5000A73261 /* BottomMenuApp.swift */; };
		F1ACDAD4288E0E5000A73261 /* ContentView.swift in Sources */ = {isa = PBXBuildFile; fileRef = F1ACDAD3288E0E5000A73261 /* ContentView.swift */; };
		F1ACDAD6288E0E5200A73261 /* Assets.xcassets in Resources */ = {isa = PBXBuildFile; fileRef = F1ACDAD5288E0E5200A73261 /* Assets.xcassets */; };
		F1ACDAD9288E0E5200A73261 /* Preview Assets.xcassets in Resources */ = {isa = PBXBuildFile; fileRef = F1ACDAD8288E0E5200A73261 /* Preview Assets.xcassets */; };
		F1ACDAE0288E0F2600A73261 /* BottomMenuViewModel.swift in Sources */ = {isa = PBXBuildFile; fileRef = F1ACDADF288E0F2600A73261 /* BottomMenuViewModel.swift */; };
		F1ACDAE2288FDDC900A73261 /* TextEditorPlaceFolder.swift in Sources */ = {isa = PBXBuildFile; fileRef = F1ACDAE1288FDDC900A73261 /* TextEditorPlaceFolder.swift */; };
		F1ACDAE42891014A00A73261 /* RoundedCorners.swift in Sources */ = {isa = PBXBuildFile; fileRef = F1ACDAE32891014A00A73261 /* RoundedCorners.swift */; };
		F1ACDAE62891F5C400A73261 /* ContentView+MockData.swift in Sources */ = {isa = PBXBuildFile; fileRef = F1ACDAE52891F5C400A73261 /* ContentView+MockData.swift */; };
		F1ACDAE82891F7AA00A73261 /* KeyboardObserver.swift in Sources */ = {isa = PBXBuildFile; fileRef = F1ACDAE72891F7AA00A73261 /* KeyboardObserver.swift */; };
/* End PBXBuildFile section */

/* Begin PBXFileReference section */
		F1ACDACE288E0E5000A73261 /* BottomMenu.app */ = {isa = PBXFileReference; explicitFileType = wrapper.application; includeInIndex = 0; path = BottomMenu.app; sourceTree = BUILT_PRODUCTS_DIR; };
		F1ACDAD1288E0E5000A73261 /* BottomMenuApp.swift */ = {isa = PBXFileReference; lastKnownFileType = sourcecode.swift; path = BottomMenuApp.swift; sourceTree = "<group>"; };
		F1ACDAD3288E0E5000A73261 /* ContentView.swift */ = {isa = PBXFileReference; lastKnownFileType = sourcecode.swift; path = ContentView.swift; sourceTree = "<group>"; };
		F1ACDAD5288E0E5200A73261 /* Assets.xcassets */ = {isa = PBXFileReference; lastKnownFileType = folder.assetcatalog; path = Assets.xcassets; sourceTree = "<group>"; };
		F1ACDAD8288E0E5200A73261 /* Preview Assets.xcassets */ = {isa = PBXFileReference; lastKnownFileType = folder.assetcatalog; path = "Preview Assets.xcassets"; sourceTree = "<group>"; };
		F1ACDADF288E0F2600A73261 /* BottomMenuViewModel.swift */ = {isa = PBXFileReference; lastKnownFileType = sourcecode.swift; path = BottomMenuViewModel.swift; sourceTree = "<group>"; };
		F1ACDAE1288FDDC900A73261 /* TextEditorPlaceFolder.swift */ = {isa = PBXFileReference; lastKnownFileType = sourcecode.swift; path = TextEditorPlaceFolder.swift; sourceTree = "<group>"; };
		F1ACDAE32891014A00A73261 /* RoundedCorners.swift */ = {isa = PBXFileReference; lastKnownFileType = sourcecode.swift; path = RoundedCorners.swift; sourceTree = "<group>"; };
		F1ACDAE52891F5C400A73261 /* ContentView+MockData.swift */ = {isa = PBXFileReference; lastKnownFileType = sourcecode.swift; path = "ContentView+MockData.swift"; sourceTree = "<group>"; };
		F1ACDAE72891F7AA00A73261 /* KeyboardObserver.swift */ = {isa = PBXFileReference; lastKnownFileType = sourcecode.swift; path = KeyboardObserver.swift; sourceTree = "<group>"; };
/* End PBXFileReference section */

/* Begin PBXFrameworksBuildPhase section */
		F1ACDACB288E0E5000A73261 /* Frameworks */ = {
			isa = PBXFrameworksBuildPhase;
			buildActionMask = 2147483647;
			files = (
			);
			runOnlyForDeploymentPostprocessing = 0;
		};
/* End PBXFrameworksBuildPhase section */

/* Begin PBXGroup section */
		F1ACDAC5288E0E5000A73261 = {
			isa = PBXGroup;
			children = (
				F1ACDAD0288E0E5000A73261 /* BottomMenu */,
				F1ACDACF288E0E5000A73261 /* Products */,
			);
			sourceTree = "<group>";
		};
		F1ACDACF288E0E5000A73261 /* Products */ = {
			isa = PBXGroup;
			children = (
				F1ACDACE288E0E5000A73261 /* BottomMenu.app */,
			);
			name = Products;
			sourceTree = "<group>";
		};
		F1ACDAD0288E0E5000A73261 /* BottomMenu */ = {
			isa = PBXGroup;
			children = (
				F1ACDAD1288E0E5000A73261 /* BottomMenuApp.swift */,
				F1ACDAD3288E0E5000A73261 /* ContentView.swift */,
				F1ACDAD5288E0E5200A73261 /* Assets.xcassets */,
				F1ACDAD7288E0E5200A73261 /* Preview Content */,
				F1ACDADF288E0F2600A73261 /* BottomMenuViewModel.swift */,
				F1ACDAE1288FDDC900A73261 /* TextEditorPlaceFolder.swift */,
				F1ACDAE32891014A00A73261 /* RoundedCorners.swift */,
				F1ACDAE52891F5C400A73261 /* ContentView+MockData.swift */,
				F1ACDAE72891F7AA00A73261 /* KeyboardObserver.swift */,
			);
			path = BottomMenu;
			sourceTree = "<group>";
		};
		F1ACDAD7288E0E5200A73261 /* Preview Content */ = {
			isa = PBXGroup;
			children = (
				F1ACDAD8288E0E5200A73261 /* Preview Assets.xcassets */,
			);
			path = "Preview Content";
			sourceTree = "<group>";
		};
/* End PBXGroup section */

/* Begin PBXNativeTarget section */
		F1ACDACD288E0E5000A73261 /* BottomMenu */ = {
			isa = PBXNativeTarget;
			buildConfigurationList = F1ACDADC288E0E5200A73261 /* Build configuration list for PBXNativeTarget "BottomMenu" */;
			buildPhases = (
				F1ACDACA288E0E5000A73261 /* Sources */,
				F1ACDACB288E0E5000A73261 /* Frameworks */,
				F1ACDACC288E0E5000A73261 /* Resources */,
			);
			buildRules = (
			);
			dependencies = (
			);
			name = BottomMenu;
			productName = BottomMenu;
			productReference = F1ACDACE288E0E5000A73261 /* BottomMenu.app */;
			productType = "com.apple.product-type.application";
		};
/* End PBXNativeTarget section */

/* Begin PBXProject section */
		F1ACDAC6288E0E5000A73261 /* Project object */ = {
			isa = PBXProject;
			attributes = {
				BuildIndependentTargetsInParallel = 1;
				LastSwiftUpdateCheck = 1330;
				LastUpgradeCheck = 1330;
				TargetAttributes = {
					F1ACDACD288E0E5000A73261 = {
						CreatedOnToolsVersion = 13.3.1;
					};
				};
			};
			buildConfigurationList = F1ACDAC9288E0E5000A73261 /* Build configuration list for PBXProject "BottomMenu" */;
			compatibilityVersion = "Xcode 13.0";
			developmentRegion = en;
			hasScannedForEncodings = 0;
			knownRegions = (
				en,
				Base,
			);
			mainGroup = F1ACDAC5288E0E5000A73261;
			productRefGroup = F1ACDACF288E0E5000A73261 /* Products */;
			projectDirPath = "";
			projectRoot = "";
			targets = (
				F1ACDACD288E0E5000A73261 /* BottomMenu */,
			);
		};
/* End PBXProject section */

/* Begin PBXResourcesBuildPhase section */
		F1ACDACC288E0E5000A73261 /* Resources */ = {
			isa = PBXResourcesBuildPhase;
			buildActionMask = 2147483647;
			files = (
				F1ACDAD9288E0E5200A73261 /* Preview Assets.xcassets in Resources */,
				F1ACDAD6288E0E5200A73261 /* Assets.xcassets in Resources */,
			);
			runOnlyForDeploymentPostprocessing = 0;
		};
/* End PBXResourcesBuildPhase section */

/* Begin PBXSourcesBuildPhase section */
		F1ACDACA288E0E5000A73261 /* Sources */ = {
			isa = PBXSourcesBuildPhase;
			buildActionMask = 2147483647;
			files = (
				F1ACDAE62891F5C400A73261 /* ContentView+MockData.swift in Sources */,
				F1ACDAE42891014A00A73261 /* RoundedCorners.swift in Sources */,
				F1ACDAE82891F7AA00A73261 /* KeyboardObserver.swift in Sources */,
				F1ACDAE0288E0F2600A73261 /* BottomMenuViewModel.swift in Sources */,
				F1ACDAD4288E0E5000A73261 /* ContentView.swift in Sources */,
				F1ACDAD2288E0E5000A73261 /* BottomMenuApp.swift in Sources */,
				F1ACDAE2288FDDC900A73261 /* TextEditorPlaceFolder.swift in Sources */,
			);
			runOnlyForDeploymentPostprocessing = 0;
		};
/* End PBXSourcesBuildPhase section */

/* Begin XCBuildConfiguration section */
		F1ACDADA288E0E5200A73261 /* Debug */ = {
			isa = XCBuildConfiguration;
			buildSettings = {
				ALWAYS_SEARCH_USER_PATHS = NO;
				CLANG_ANALYZER_NONNULL = YES;
				CLANG_ANALYZER_NUMBER_OBJECT_CONVERSION = YES_AGGRESSIVE;
				CLANG_CXX_LANGUAGE_STANDARD = "gnu++17";
				CLANG_ENABLE_MODULES = YES;
				CLANG_ENABLE_OBJC_ARC = YES;
				CLANG_ENABLE_OBJC_WEAK = YES;
				CLANG_WARN_BLOCK_CAPTURE_AUTORELEASING = YES;
				CLANG_WARN_BOOL_CONVERSION = YES;
				CLANG_WARN_COMMA = YES;
				CLANG_WARN_CONSTANT_CONVERSION = YES;
				CLANG_WARN_DEPRECATED_OBJC_IMPLEMENTATIONS = YES;
				CLANG_WARN_DIRECT_OBJC_ISA_USAGE = YES_ERROR;
				CLANG_WARN_DOCUMENTATION_COMMENTS = YES;
				CLANG_WARN_EMPTY_BODY = YES;
				CLANG_WARN_ENUM_CONVERSION = YES;
				CLANG_WARN_INFINITE_RECURSION = YES;
				CLANG_WARN_INT_CONVERSION = YES;
				CLANG_WARN_NON_LITERAL_NULL_CONVERSION = YES;
				CLANG_WARN_OBJC_IMPLICIT_RETAIN_SELF = YES;
				CLANG_WARN_OBJC_LITERAL_CONVERSION = YES;
				CLANG_WARN_OBJC_ROOT_CLASS = YES_ERROR;
				CLANG_WARN_QUOTED_INCLUDE_IN_FRAMEWORK_HEADER = YES;
				CLANG_WARN_RANGE_LOOP_ANALYSIS = YES;
				CLANG_WARN_STRICT_PROTOTYPES = YES;
				CLANG_WARN_SUSPICIOUS_MOVE = YES;
				CLANG_WARN_UNGUARDED_AVAILABILITY = YES_AGGRESSIVE;
				CLANG_WARN_UNREACHABLE_CODE = YES;
				CLANG_WARN__DUPLICATE_METHOD_MATCH = YES;
				COPY_PHASE_STRIP = NO;
				DEBUG_INFORMATION_FORMAT = dwarf;
				ENABLE_STRICT_OBJC_MSGSEND = YES;
				ENABLE_TESTABILITY = YES;
				GCC_C_LANGUAGE_STANDARD = gnu11;
				GCC_DYNAMIC_NO_PIC = NO;
				GCC_NO_COMMON_BLOCKS = YES;
				GCC_OPTIMIZATION_LEVEL = 0;
				GCC_PREPROCESSOR_DEFINITIONS = (
					"DEBUG=1",
					"$(inherited)",
				);
				GCC_WARN_64_TO_32_BIT_CONVERSION = YES;
				GCC_WARN_ABOUT_RETURN_TYPE = YES_ERROR;
				GCC_WARN_UNDECLARED_SELECTOR = YES;
				GCC_WARN_UNINITIALIZED_AUTOS = YES_AGGRESSIVE;
				GCC_WARN_UNUSED_FUNCTION = YES;
				GCC_WARN_UNUSED_VARIABLE = YES;
				IPHONEOS_DEPLOYMENT_TARGET = 15.2;
				MTL_ENABLE_DEBUG_INFO = INCLUDE_SOURCE;
				MTL_FAST_MATH = YES;
				ONLY_ACTIVE_ARCH = YES;
				SDKROOT = iphoneos;
				SWIFT_ACTIVE_COMPILATION_CONDITIONS = DEBUG;
				SWIFT_OPTIMIZATION_LEVEL = "-Onone";
			};
			name = Debug;
		};
		F1ACDADB288E0E5200A73261 /* Release */ = {
			isa = XCBuildConfiguration;
			buildSettings = {
				ALWAYS_SEARCH_USER_PATHS = NO;
				CLANG_ANALYZER_NONNULL = YES;
				CLANG_ANALYZER_NUMBER_OBJECT_CONVERSION = YES_AGGRESSIVE;
				CLANG_CXX_LANGUAGE_STANDARD = "gnu++17";
				CLANG_ENABLE_MODULES = YES;
				CLANG_ENABLE_OBJC_ARC = YES;
				CLANG_ENABLE_OBJC_WEAK = YES;
				CLANG_WARN_BLOCK_CAPTURE_AUTORELEASING = YES;
				CLANG_WARN_BOOL_CONVERSION = YES;
				CLANG_WARN_COMMA = YES;
				CLANG_WARN_CONSTANT_CONVERSION = YES;
				CLANG_WARN_DEPRECATED_OBJC_IMPLEMENTATIONS = YES;
				CLANG_WARN_DIRECT_OBJC_ISA_USAGE = YES_ERROR;
				CLANG_WARN_DOCUMENTATION_COMMENTS = YES;
				CLANG_WARN_EMPTY_BODY = YES;
				CLANG_WARN_ENUM_CONVERSION = YES;
				CLANG_WARN_INFINITE_RECURSION = YES;
				CLANG_WARN_INT_CONVERSION = YES;
				CLANG_WARN_NON_LITERAL_NULL_CONVERSION = YES;
				CLANG_WARN_OBJC_IMPLICIT_RETAIN_SELF = YES;
				CLANG_WARN_OBJC_LITERAL_CONVERSION = YES;
				CLANG_WARN_OBJC_ROOT_CLASS = YES_ERROR;
				CLANG_WARN_QUOTED_INCLUDE_IN_FRAMEWORK_HEADER = YES;
				CLANG_WARN_RANGE_LOOP_ANALYSIS = YES;
				CLANG_WARN_STRICT_PROTOTYPES = YES;
				CLANG_WARN_SUSPICIOUS_MOVE = YES;
				CLANG_WARN_UNGUARDED_AVAILABILITY = YES_AGGRESSIVE;
				CLANG_WARN_UNREACHABLE_CODE = YES;
				CLANG_WARN__DUPLICATE_METHOD_MATCH = YES;
				COPY_PHASE_STRIP = NO;
				DEBUG_INFORMATION_FORMAT = "dwarf-with-dsym";
				ENABLE_NS_ASSERTIONS = NO;
				ENABLE_STRICT_OBJC_MSGSEND = YES;
				GCC_C_LANGUAGE_STANDARD = gnu11;
				GCC_NO_COMMON_BLOCKS = YES;
				GCC_WARN_64_TO_32_BIT_CONVERSION = YES;
				GCC_WARN_ABOUT_RETURN_TYPE = YES_ERROR;
				GCC_WARN_UNDECLARED_SELECTOR = YES;
				GCC_WARN_UNINITIALIZED_AUTOS = YES_AGGRESSIVE;
				GCC_WARN_UNUSED_FUNCTION = YES;
				GCC_WARN_UNUSED_VARIABLE = YES;
				IPHONEOS_DEPLOYMENT_TARGET = 15.2;
				MTL_ENABLE_DEBUG_INFO = NO;
				MTL_FAST_MATH = YES;
				SDKROOT = iphoneos;
				SWIFT_COMPILATION_MODE = wholemodule;
				SWIFT_OPTIMIZATION_LEVEL = "-O";
				VALIDATE_PRODUCT = YES;
			};
			name = Release;
		};
		F1ACDADD288E0E5200A73261 /* Debug */ = {
			isa = XCBuildConfiguration;
			buildSettings = {
				ASSETCATALOG_COMPILER_APPICON_NAME = AppIcon;
				ASSETCATALOG_COMPILER_GLOBAL_ACCENT_COLOR_NAME = AccentColor;
				CODE_SIGN_STYLE = Automatic;
				CURRENT_PROJECT_VERSION = 1;
				DEVELOPMENT_ASSET_PATHS = "\"BottomMenu/Preview Content\"";
				DEVELOPMENT_TEAM = CNWDNX3S69;
				ENABLE_PREVIEWS = YES;
				GENERATE_INFOPLIST_FILE = YES;
				INFOPLIST_KEY_UIApplicationSceneManifest_Generation = YES;
				INFOPLIST_KEY_UIApplicationSupportsIndirectInputEvents = YES;
				INFOPLIST_KEY_UILaunchScreen_Generation = YES;
				INFOPLIST_KEY_UISupportedInterfaceOrientations_iPad = "UIInterfaceOrientationPortrait UIInterfaceOrientationPortraitUpsideDown UIInterfaceOrientationLandscapeLeft UIInterfaceOrientationLandscapeRight";
				INFOPLIST_KEY_UISupportedInterfaceOrientations_iPhone = "UIInterfaceOrientationPortrait UIInterfaceOrientationLandscapeLeft UIInterfaceOrientationLandscapeRight";
				LD_RUNPATH_SEARCH_PATHS = (
					"$(inherited)",
					"@executable_path/Frameworks",
				);
				MARKETING_VERSION = 1.0;
				PRODUCT_BUNDLE_IDENTIFIER = com.yusuke.arai.BottomMenu;
				PRODUCT_NAME = "$(TARGET_NAME)";
				SWIFT_EMIT_LOC_STRINGS = YES;
				SWIFT_VERSION = 5.0;
				TARGETED_DEVICE_FAMILY = "1,2";
			};
			name = Debug;
		};
		F1ACDADE288E0E5200A73261 /* Release */ = {
			isa = XCBuildConfiguration;
			buildSettings = {
				ASSETCATALOG_COMPILER_APPICON_NAME = AppIcon;
				ASSETCATALOG_COMPILER_GLOBAL_ACCENT_COLOR_NAME = AccentColor;
				CODE_SIGN_STYLE = Automatic;
				CURRENT_PROJECT_VERSION = 1;
				DEVELOPMENT_ASSET_PATHS = "\"BottomMenu/Preview Content\"";
				DEVELOPMENT_TEAM = CNWDNX3S69;
				ENABLE_PREVIEWS = YES;
				GENERATE_INFOPLIST_FILE = YES;
				INFOPLIST_KEY_UIApplicationSceneManifest_Generation = YES;
				INFOPLIST_KEY_UIApplicationSupportsIndirectInputEvents = YES;
				INFOPLIST_KEY_UILaunchScreen_Generation = YES;
				INFOPLIST_KEY_UISupportedInterfaceOrientations_iPad = "UIInterfaceOrientationPortrait UIInterfaceOrientationPortraitUpsideDown UIInterfaceOrientationLandscapeLeft UIInterfaceOrientationLandscapeRight";
				INFOPLIST_KEY_UISupportedInterfaceOrientations_iPhone = "UIInterfaceOrientationPortrait UIInterfaceOrientationLandscapeLeft UIInterfaceOrientationLandscapeRight";
				LD_RUNPATH_SEARCH_PATHS = (
					"$(inherited)",
					"@executable_path/Frameworks",
				);
				MARKETING_VERSION = 1.0;
				PRODUCT_BUNDLE_IDENTIFIER = com.yusuke.arai.BottomMenu;
				PRODUCT_NAME = "$(TARGET_NAME)";
				SWIFT_EMIT_LOC_STRINGS = YES;
				SWIFT_VERSION = 5.0;
				TARGETED_DEVICE_FAMILY = "1,2";
			};
			name = Release;
		};
/* End XCBuildConfiguration section */

/* Begin XCConfigurationList section */
		F1ACDAC9288E0E5000A73261 /* Build configuration list for PBXProject "BottomMenu" */ = {
			isa = XCConfigurationList;
			buildConfigurations = (
				F1ACDADA288E0E5200A73261 /* Debug */,
				F1ACDADB288E0E5200A73261 /* Release */,
			);
			defaultConfigurationIsVisible = 0;
			defaultConfigurationName = Release;
		};
		F1ACDADC288E0E5200A73261 /* Build configuration list for PBXNativeTarget "BottomMenu" */ = {
			isa = XCConfigurationList;
			buildConfigurations = (
				F1ACDADD288E0E5200A73261 /* Debug */,
				F1ACDADE288E0E5200A73261 /* Release */,
			);
			defaultConfigurationIsVisible = 0;
			defaultConfigurationName = Release;
		};
/* End XCConfigurationList section */
	};
	rootObject = F1ACDAC6288E0E5000A73261 /* Project object */;
}
